
Microsoft Visual Studio Solution File, Format Version 12.00
# Visual Studio Version 17
VisualStudioVersion = 17.14.36121.58
MinimumVisualStudioVersion = 10.0.40219.1
Project("{FAE04EC0-301F-11D3-BF4B-00C04F79EFBC}") = "Pure.Primitives.String.Operations", "Pure.Primitives.String.Operations\Pure.Primitives.String.Operations.csproj", "{D6A0E5CF-155E-4C7A-9AB8-0F16AA3AA940}"
EndProject
Project("{2150E333-8FDC-42A3-9474-1A3956D46DE8}") = "Tests", "Tests", "{0AB3BF05-4346-4AA6-1389-037BE0695223}"
EndProject
Project("{FAE04EC0-301F-11D3-BF4B-00C04F79EFBC}") = "Pure.Primitives.String.Operations.Tests", "Tests\Pure.Primitives.String.Operations.Tests\Pure.Primitives.String.Operations.Tests.csproj", "{BF38F6C2-AD10-C586-3B27-D8DE779B7CC2}"
EndProject
Global
	GlobalSection(SolutionConfigurationPlatforms) = preSolution
		Debug|Any CPU = Debug|Any CPU
		Release|Any CPU = Release|Any CPU
	EndGlobalSection
	GlobalSection(ProjectConfigurationPlatforms) = postSolution
		{D6A0E5CF-155E-4C7A-9AB8-0F16AA3AA940}.Debug|Any CPU.ActiveCfg = Debug|Any CPU
		{D6A0E5CF-155E-4C7A-9AB8-0F16AA3AA940}.Debug|Any CPU.Build.0 = Debug|Any CPU
		{D6A0E5CF-155E-4C7A-9AB8-0F16AA3AA940}.Release|Any CPU.ActiveCfg = Release|Any CPU
		{D6A0E5CF-155E-4C7A-9AB8-0F16AA3AA940}.Release|Any CPU.Build.0 = Release|Any CPU
		{BF38F6C2-AD10-C586-3B27-D8DE779B7CC2}.Debug|Any CPU.ActiveCfg = Debug|Any CPU
		{BF38F6C2-AD10-C586-3B27-D8DE779B7CC2}.Debug|Any CPU.Build.0 = Debug|Any CPU
		{BF38F6C2-AD10-C586-3B27-D8DE779B7CC2}.Release|Any CPU.ActiveCfg = Release|Any CPU
		{BF38F6C2-AD10-C586-3B27-D8DE779B7CC2}.Release|Any CPU.Build.0 = Release|Any CPU
	EndGlobalSection
	GlobalSection(SolutionProperties) = preSolution
		HideSolutionNode = FALSE
	EndGlobalSection
	GlobalSection(NestedProjects) = preSolution
		{BF38F6C2-AD10-C586-3B27-D8DE779B7CC2} = {0AB3BF05-4346-4AA6-1389-037BE0695223}
	EndGlobalSection
	GlobalSection(ExtensibilityGlobals) = postSolution
		SolutionGuid = {496F10C5-37D5-42E6-B142-8BFCF5A13F44}
	EndGlobalSection
EndGlobal
